
Microsoft Visual Studio Solution File, Format Version 12.00
# Visual Studio 15
VisualStudioVersion = 15.0.28307.102
MinimumVisualStudioVersion = 10.0.40219.1
Project("{FAE04EC0-301F-11D3-BF4B-00C04F79EFBC}") = "ReadTSV", "ReadTSV\ReadTSV.csproj", "{0D5D17C6-29B3-4FA9-B0B5-762853990734}"
EndProject
Global
	GlobalSection(SolutionConfigurationPlatforms) = preSolution
		Debug|Any CPU = Debug|Any CPU
		Release|Any CPU = Release|Any CPU
	EndGlobalSection
	GlobalSection(ProjectConfigurationPlatforms) = postSolution
		{0D5D17C6-29B3-4FA9-B0B5-762853990734}.Debug|Any CPU.ActiveCfg = Debug|Any CPU
		{0D5D17C6-29B3-4FA9-B0B5-762853990734}.Debug|Any CPU.Build.0 = Debug|Any CPU
		{0D5D17C6-29B3-4FA9-B0B5-762853990734}.Release|Any CPU.ActiveCfg = Release|Any CPU
		{0D5D17C6-29B3-4FA9-B0B5-762853990734}.Release|Any CPU.Build.0 = Release|Any CPU
	EndGlobalSection
	GlobalSection(SolutionProperties) = preSolution
		HideSolutionNode = FALSE
	EndGlobalSection
	GlobalSection(ExtensibilityGlobals) = postSolution
		SolutionGuid = {2C50818E-6613-4B0D-8573-B1EB0A977067}
	EndGlobalSection
EndGlobal
